// !$*UTF8*$!
{
	archiveVersion = 1;
	classes = {
	};
	objectVersion = 46;
	objects = {

/* Begin PBXBuildFile section */
		602DE6C71E62BD7C00AFE8C0 /* AppDelegate.swift in Sources */ = {isa = PBXBuildFile; fileRef = 602DE6C61E62BD7C00AFE8C0 /* AppDelegate.swift */; };
		602DE6C91E62BD7C00AFE8C0 /* ViewController.swift in Sources */ = {isa = PBXBuildFile; fileRef = 602DE6C81E62BD7C00AFE8C0 /* ViewController.swift */; };
		602DE6CC1E62BD7C00AFE8C0 /* Main.storyboard in Resources */ = {isa = PBXBuildFile; fileRef = 602DE6CA1E62BD7C00AFE8C0 /* Main.storyboard */; };
		602DE6CE1E62BD7C00AFE8C0 /* Assets.xcassets in Resources */ = {isa = PBXBuildFile; fileRef = 602DE6CD1E62BD7C00AFE8C0 /* Assets.xcassets */; };
		602DE6D11E62BD7C00AFE8C0 /* LaunchScreen.storyboard in Resources */ = {isa = PBXBuildFile; fileRef = 602DE6CF1E62BD7C00AFE8C0 /* LaunchScreen.storyboard */; };
		602DE6D91E62CB4800AFE8C0 /* InputViewController.swift in Sources */ = {isa = PBXBuildFile; fileRef = 602DE6D81E62CB4800AFE8C0 /* InputViewController.swift */; };
		603C788F1E650455006315CB /* File.swift in Sources */ = {isa = PBXBuildFile; fileRef = 603C788E1E650455006315CB /* File.swift */; };
		E20E922DF93948B4C9B1EF5B /* Pods_taskapp.framework in Frameworks */ = {isa = PBXBuildFile; fileRef = BB6994142C1A6CF19C968E70 /* Pods_taskapp.framework */; };
/* End PBXBuildFile section */

/* Begin PBXFileReference section */
		602DE6C31E62BD7C00AFE8C0 /* taskapp.app */ = {isa = PBXFileReference; explicitFileType = wrapper.application; includeInIndex = 0; path = taskapp.app; sourceTree = BUILT_PRODUCTS_DIR; };
		602DE6C61E62BD7C00AFE8C0 /* AppDelegate.swift */ = {isa = PBXFileReference; lastKnownFileType = sourcecode.swift; path = AppDelegate.swift; sourceTree = "<group>"; };
		602DE6C81E62BD7C00AFE8C0 /* ViewController.swift */ = {isa = PBXFileReference; lastKnownFileType = sourcecode.swift; path = ViewController.swift; sourceTree = "<group>"; };
		602DE6CB1E62BD7C00AFE8C0 /* Base */ = {isa = PBXFileReference; lastKnownFileType = file.storyboard; name = Base; path = Base.lproj/Main.storyboard; sourceTree = "<group>"; };
		602DE6CD1E62BD7C00AFE8C0 /* Assets.xcassets */ = {isa = PBXFileReference; lastKnownFileType = folder.assetcatalog; path = Assets.xcassets; sourceTree = "<group>"; };
		602DE6D01E62BD7C00AFE8C0 /* Base */ = {isa = PBXFileReference; lastKnownFileType = file.storyboard; name = Base; path = Base.lproj/LaunchScreen.storyboard; sourceTree = "<group>"; };
		602DE6D21E62BD7C00AFE8C0 /* Info.plist */ = {isa = PBXFileReference; lastKnownFileType = text.plist.xml; path = Info.plist; sourceTree = "<group>"; };
		602DE6D81E62CB4800AFE8C0 /* InputViewController.swift */ = {isa = PBXFileReference; fileEncoding = 4; lastKnownFileType = sourcecode.swift; path = InputViewController.swift; sourceTree = "<group>"; };
		603C788E1E650455006315CB /* File.swift */ = {isa = PBXFileReference; fileEncoding = 4; lastKnownFileType = sourcecode.swift; path = File.swift; sourceTree = "<group>"; };
		93FC89F5933A1FE60886FEE3 /* Pods-taskapp.debug.xcconfig */ = {isa = PBXFileReference; includeInIndex = 1; lastKnownFileType = text.xcconfig; name = "Pods-taskapp.debug.xcconfig"; path = "Pods/Target Support Files/Pods-taskapp/Pods-taskapp.debug.xcconfig"; sourceTree = "<group>"; };
		AD6B38DCF253A0B1732FEC0B /* Pods-taskapp.release.xcconfig */ = {isa = PBXFileReference; includeInIndex = 1; lastKnownFileType = text.xcconfig; name = "Pods-taskapp.release.xcconfig"; path = "Pods/Target Support Files/Pods-taskapp/Pods-taskapp.release.xcconfig"; sourceTree = "<group>"; };
		BB6994142C1A6CF19C968E70 /* Pods_taskapp.framework */ = {isa = PBXFileReference; explicitFileType = wrapper.framework; includeInIndex = 0; path = Pods_taskapp.framework; sourceTree = BUILT_PRODUCTS_DIR; };
/* End PBXFileReference section */

/* Begin PBXFrameworksBuildPhase section */
		602DE6C01E62BD7C00AFE8C0 /* Frameworks */ = {
			isa = PBXFrameworksBuildPhase;
			buildActionMask = 2147483647;
			files = (
				E20E922DF93948B4C9B1EF5B /* Pods_taskapp.framework in Frameworks */,
			);
			runOnlyForDeploymentPostprocessing = 0;
		};
/* End PBXFrameworksBuildPhase section */

/* Begin PBXGroup section */
		1991635862ABA4D139C9643B /* Pods */ = {
			isa = PBXGroup;
			children = (
				93FC89F5933A1FE60886FEE3 /* Pods-taskapp.debug.xcconfig */,
				AD6B38DCF253A0B1732FEC0B /* Pods-taskapp.release.xcconfig */,
			);
			name = Pods;
			sourceTree = "<group>";
		};
		602DE6BA1E62BD7C00AFE8C0 = {
			isa = PBXGroup;
			children = (
				602DE6C51E62BD7C00AFE8C0 /* taskapp */,
				602DE6C41E62BD7C00AFE8C0 /* Products */,
				1991635862ABA4D139C9643B /* Pods */,
				B24B2A63C477F854EDD425C6 /* Frameworks */,
			);
			sourceTree = "<group>";
		};
		602DE6C41E62BD7C00AFE8C0 /* Products */ = {
			isa = PBXGroup;
			children = (
				602DE6C31E62BD7C00AFE8C0 /* taskapp.app */,
			);
			name = Products;
			sourceTree = "<group>";
		};
		602DE6C51E62BD7C00AFE8C0 /* taskapp */ = {
			isa = PBXGroup;
			children = (
				602DE6C61E62BD7C00AFE8C0 /* AppDelegate.swift */,
				602DE6C81E62BD7C00AFE8C0 /* ViewController.swift */,
				603C788E1E650455006315CB /* File.swift */,
				602DE6CA1E62BD7C00AFE8C0 /* Main.storyboard */,
				602DE6D81E62CB4800AFE8C0 /* InputViewController.swift */,
				602DE6CD1E62BD7C00AFE8C0 /* Assets.xcassets */,
				602DE6CF1E62BD7C00AFE8C0 /* LaunchScreen.storyboard */,
				602DE6D21E62BD7C00AFE8C0 /* Info.plist */,
			);
			path = taskapp;
			sourceTree = "<group>";
		};
		B24B2A63C477F854EDD425C6 /* Frameworks */ = {
			isa = PBXGroup;
			children = (
				BB6994142C1A6CF19C968E70 /* Pods_taskapp.framework */,
			);
			name = Frameworks;
			sourceTree = "<group>";
		};
/* End PBXGroup section */

/* Begin PBXNativeTarget section */
		602DE6C21E62BD7C00AFE8C0 /* taskapp */ = {
			isa = PBXNativeTarget;
			buildConfigurationList = 602DE6D51E62BD7C00AFE8C0 /* Build configuration list for PBXNativeTarget "taskapp" */;
			buildPhases = (
				44609B31508289D5E862B320 /* [CP] Check Pods Manifest.lock */,
				602DE6BF1E62BD7C00AFE8C0 /* Sources */,
				602DE6C01E62BD7C00AFE8C0 /* Frameworks */,
				602DE6C11E62BD7C00AFE8C0 /* Resources */,
				5838AA33C56039FF1A0F23EA /* [CP] Embed Pods Frameworks */,
				7E6EACFB134798302D34C311 /* [CP] Copy Pods Resources */,
			);
			buildRules = (
			);
			dependencies = (
			);
			name = taskapp;
			productName = taskapp;
			productReference = 602DE6C31E62BD7C00AFE8C0 /* taskapp.app */;
			productType = "com.apple.product-type.application";
		};
/* End PBXNativeTarget section */

/* Begin PBXProject section */
		602DE6BB1E62BD7C00AFE8C0 /* Project object */ = {
			isa = PBXProject;
			attributes = {
				LastSwiftUpdateCheck = 0820;
				LastUpgradeCheck = 0820;
				ORGANIZATIONNAME = "小本裕也";
				TargetAttributes = {
					602DE6C21E62BD7C00AFE8C0 = {
						CreatedOnToolsVersion = 8.2.1;
						DevelopmentTeam = 2737T7ZD37;
						ProvisioningStyle = Automatic;
					};
				};
			};
			buildConfigurationList = 602DE6BE1E62BD7C00AFE8C0 /* Build configuration list for PBXProject "taskapp" */;
			compatibilityVersion = "Xcode 3.2";
			developmentRegion = English;
			hasScannedForEncodings = 0;
			knownRegions = (
				en,
				Base,
			);
			mainGroup = 602DE6BA1E62BD7C00AFE8C0;
			productRefGroup = 602DE6C41E62BD7C00AFE8C0 /* Products */;
			projectDirPath = "";
			projectRoot = "";
			targets = (
				602DE6C21E62BD7C00AFE8C0 /* taskapp */,
			);
		};
/* End PBXProject section */

/* Begin PBXResourcesBuildPhase section */
		602DE6C11E62BD7C00AFE8C0 /* Resources */ = {
			isa = PBXResourcesBuildPhase;
			buildActionMask = 2147483647;
			files = (
				602DE6D11E62BD7C00AFE8C0 /* LaunchScreen.storyboard in Resources */,
				602DE6CE1E62BD7C00AFE8C0 /* Assets.xcassets in Resources */,
				602DE6CC1E62BD7C00AFE8C0 /* Main.storyboard in Resources */,
			);
			runOnlyForDeploymentPostprocessing = 0;
		};
/* End PBXResourcesBuildPhase section */

/* Begin PBXShellScriptBuildPhase section */
		44609B31508289D5E862B320 /* [CP] Check Pods Manifest.lock */ = {
			isa = PBXShellScriptBuildPhase;
			buildActionMask = 2147483647;
			files = (
			);
			inputPaths = (
			);
			name = "[CP] Check Pods Manifest.lock";
			outputPaths = (
			);
			runOnlyForDeploymentPostprocessing = 0;
			shellPath = /bin/sh;
			shellScript = "diff \"${PODS_ROOT}/../Podfile.lock\" \"${PODS_ROOT}/Manifest.lock\" > /dev/null\nif [ $? != 0 ] ; then\n    # print error to STDERR\n    echo \"error: The sandbox is not in sync with the Podfile.lock. Run 'pod install' or update your CocoaPods installation.\" >&2\n    exit 1\nfi\n";
			showEnvVarsInLog = 0;
		};
		5838AA33C56039FF1A0F23EA /* [CP] Embed Pods Frameworks */ = {
			isa = PBXShellScriptBuildPhase;
			buildActionMask = 2147483647;
			files = (
			);
			inputPaths = (
			);
			name = "[CP] Embed Pods Frameworks";
			outputPaths = (
			);
			runOnlyForDeploymentPostprocessing = 0;
			shellPath = /bin/sh;
			shellScript = "\"${SRCROOT}/Pods/Target Support Files/Pods-taskapp/Pods-taskapp-frameworks.sh\"\n";
			showEnvVarsInLog = 0;
		};
		7E6EACFB134798302D34C311 /* [CP] Copy Pods Resources */ = {
			isa = PBXShellScriptBuildPhase;
			buildActionMask = 2147483647;
			files = (
			);
			inputPaths = (
			);
			name = "[CP] Copy Pods Resources";
			outputPaths = (
			);
			runOnlyForDeploymentPostprocessing = 0;
			shellPath = /bin/sh;
			shellScript = "\"${SRCROOT}/Pods/Target Support Files/Pods-taskapp/Pods-taskapp-resources.sh\"\n";
			showEnvVarsInLog = 0;
		};
/* End PBXShellScriptBuildPhase section */

/* Begin PBXSourcesBuildPhase section */
		602DE6BF1E62BD7C00AFE8C0 /* Sources */ = {
			isa = PBXSourcesBuildPhase;
			buildActionMask = 2147483647;
			files = (
				602DE6D91E62CB4800AFE8C0 /* InputViewController.swift in Sources */,
				603C788F1E650455006315CB /* File.swift in Sources */,
				602DE6C91E62BD7C00AFE8C0 /* ViewController.swift in Sources */,
				602DE6C71E62BD7C00AFE8C0 /* AppDelegate.swift in Sources */,
			);
			runOnlyForDeploymentPostprocessing = 0;
		};
/* End PBXSourcesBuildPhase section */

/* Begin PBXVariantGroup section */
		602DE6CA1E62BD7C00AFE8C0 /* Main.storyboard */ = {
			isa = PBXVariantGroup;
			children = (
				602DE6CB1E62BD7C00AFE8C0 /* Base */,
			);
			name = Main.storyboard;
			sourceTree = "<group>";
		};
		602DE6CF1E62BD7C00AFE8C0 /* LaunchScreen.storyboard */ = {
			isa = PBXVariantGroup;
			children = (
				602DE6D01E62BD7C00AFE8C0 /* Base */,
			);
			name = LaunchScreen.storyboard;
			sourceTree = "<group>";
		};
/* End PBXVariantGroup section */

/* Begin XCBuildConfiguration section */
		602DE6D31E62BD7C00AFE8C0 /* Debug */ = {
			isa = XCBuildConfiguration;
			buildSettings = {
				ALWAYS_SEARCH_USER_PATHS = NO;
				CLANG_ANALYZER_NONNULL = YES;
				CLANG_CXX_LANGUAGE_STANDARD = "gnu++0x";
				CLANG_CXX_LIBRARY = "libc++";
				CLANG_ENABLE_MODULES = YES;
				CLANG_ENABLE_OBJC_ARC = YES;
				CLANG_WARN_BOOL_CONVERSION = YES;
				CLANG_WARN_CONSTANT_CONVERSION = YES;
				CLANG_WARN_DIRECT_OBJC_ISA_USAGE = YES_ERROR;
				CLANG_WARN_DOCUMENTATION_COMMENTS = YES;
				CLANG_WARN_EMPTY_BODY = YES;
				CLANG_WARN_ENUM_CONVERSION = YES;
				CLANG_WARN_INFINITE_RECURSION = YES;
				CLANG_WARN_INT_CONVERSION = YES;
				CLANG_WARN_OBJC_ROOT_CLASS = YES_ERROR;
				CLANG_WARN_SUSPICIOUS_MOVE = YES;
				CLANG_WARN_UNREACHABLE_CODE = YES;
				CLANG_WARN__DUPLICATE_METHOD_MATCH = YES;
				"CODE_SIGN_IDENTITY[sdk=iphoneos*]" = "iPhone Developer";
				COPY_PHASE_STRIP = NO;
				DEBUG_INFORMATION_FORMAT = dwarf;
				ENABLE_STRICT_OBJC_MSGSEND = YES;
				ENABLE_TESTABILITY = YES;
				GCC_C_LANGUAGE_STANDARD = gnu99;
				GCC_DYNAMIC_NO_PIC = NO;
				GCC_NO_COMMON_BLOCKS = YES;
				GCC_OPTIMIZATION_LEVEL = 0;
				GCC_PREPROCESSOR_DEFINITIONS = (
					"DEBUG=1",
					"$(inherited)",
				);
				GCC_WARN_64_TO_32_BIT_CONVERSION = YES;
				GCC_WARN_ABOUT_RETURN_TYPE = YES_ERROR;
				GCC_WARN_UNDECLARED_SELECTOR = YES;
				GCC_WARN_UNINITIALIZED_AUTOS = YES_AGGRESSIVE;
				GCC_WARN_UNUSED_FUNCTION = YES;
				GCC_WARN_UNUSED_VARIABLE = YES;
				IPHONEOS_DEPLOYMENT_TARGET = 10.2;
				MTL_ENABLE_DEBUG_INFO = YES;
				ONLY_ACTIVE_ARCH = YES;
				SDKROOT = iphoneos;
				SWIFT_ACTIVE_COMPILATION_CONDITIONS = DEBUG;
				SWIFT_OPTIMIZATION_LEVEL = "-Onone";
				TARGETED_DEVICE_FAMILY = "1,2";
			};
			name = Debug;
		};
		602DE6D41E62BD7C00AFE8C0 /* Release */ = {
			isa = XCBuildConfiguration;
			buildSettings = {
				ALWAYS_SEARCH_USER_PATHS = NO;
				CLANG_ANALYZER_NONNULL = YES;
				CLANG_CXX_LANGUAGE_STANDARD = "gnu++0x";
				CLANG_CXX_LIBRARY = "libc++";
				CLANG_ENABLE_MODULES = YES;
				CLANG_ENABLE_OBJC_ARC = YES;
				CLANG_WARN_BOOL_CONVERSION = YES;
				CLANG_WARN_CONSTANT_CONVERSION = YES;
				CLANG_WARN_DIRECT_OBJC_ISA_USAGE = YES_ERROR;
				CLANG_WARN_DOCUMENTATION_COMMENTS = YES;
				CLANG_WARN_EMPTY_BODY = YES;
				CLANG_WARN_ENUM_CONVERSION = YES;
				CLANG_WARN_INFINITE_RECURSION = YES;
				CLANG_WARN_INT_CONVERSION = YES;
				CLANG_WARN_OBJC_ROOT_CLASS = YES_ERROR;
				CLANG_WARN_SUSPICIOUS_MOVE = YES;
				CLANG_WARN_UNREACHABLE_CODE = YES;
				CLANG_WARN__DUPLICATE_METHOD_MATCH = YES;
				"CODE_SIGN_IDENTITY[sdk=iphoneos*]" = "iPhone Developer";
				COPY_PHASE_STRIP = NO;
				DEBUG_INFORMATION_FORMAT = "dwarf-with-dsym";
				ENABLE_NS_ASSERTIONS = NO;
				ENABLE_STRICT_OBJC_MSGSEND = YES;
				GCC_C_LANGUAGE_STANDARD = gnu99;
				GCC_NO_COMMON_BLOCKS = YES;
				GCC_WARN_64_TO_32_BIT_CONVERSION = YES;
				GCC_WARN_ABOUT_RETURN_TYPE = YES_ERROR;
				GCC_WARN_UNDECLARED_SELECTOR = YES;
				GCC_WARN_UNINITIALIZED_AUTOS = YES_AGGRESSIVE;
				GCC_WARN_UNUSED_FUNCTION = YES;
				GCC_WARN_UNUSED_VARIABLE = YES;
				IPHONEOS_DEPLOYMENT_TARGET = 10.2;
				MTL_ENABLE_DEBUG_INFO = NO;
				SDKROOT = iphoneos;
				SWIFT_OPTIMIZATION_LEVEL = "-Owholemodule";
				TARGETED_DEVICE_FAMILY = "1,2";
				VALIDATE_PRODUCT = YES;
			};
			name = Release;
		};
		602DE6D61E62BD7C00AFE8C0 /* Debug */ = {
			isa = XCBuildConfiguration;
			baseConfigurationReference = 93FC89F5933A1FE60886FEE3 /* Pods-taskapp.debug.xcconfig */;
			buildSettings = {
				ALWAYS_EMBED_SWIFT_STANDARD_LIBRARIES = YES;
				ASSETCATALOG_COMPILER_APPICON_NAME = AppIcon;
				DEVELOPMENT_TEAM = 2737T7ZD37;
				INFOPLIST_FILE = taskapp/Info.plist;
				LD_RUNPATH_SEARCH_PATHS = "$(inherited) @executable_path/Frameworks";
				PRODUCT_BUNDLE_IDENTIFIER = jp.techacademy.yuuya.komoto.taskapp;
				PRODUCT_NAME = "$(TARGET_NAME)";
				SWIFT_VERSION = 3.0;
				TARGETED_DEVICE_FAMILY = 1;
			};
			name = Debug;
		};
		602DE6D71E62BD7C00AFE8C0 /* Release */ = {
			isa = XCBuildConfiguration;
			baseConfigurationReference = AD6B38DCF253A0B1732FEC0B /* Pods-taskapp.release.xcconfig */;
			buildSettings = {
				ALWAYS_EMBED_SWIFT_STANDARD_LIBRARIES = YES;
				ASSETCATALOG_COMPILER_APPICON_NAME = AppIcon;
				DEVELOPMENT_TEAM = 2737T7ZD37;
				INFOPLIST_FILE = taskapp/Info.plist;
				LD_RUNPATH_SEARCH_PATHS = "$(inherited) @executable_path/Frameworks";
				PRODUCT_BUNDLE_IDENTIFIER = jp.techacademy.yuuya.komoto.taskapp;
				PRODUCT_NAME = "$(TARGET_NAME)";
				SWIFT_VERSION = 3.0;
				TARGETED_DEVICE_FAMILY = 1;
			};
			name = Release;
		};
/* End XCBuildConfiguration section */

/* Begin XCConfigurationList section */
		602DE6BE1E62BD7C00AFE8C0 /* Build configuration list for PBXProject "taskapp" */ = {
			isa = XCConfigurationList;
			buildConfigurations = (
				602DE6D31E62BD7C00AFE8C0 /* Debug */,
				602DE6D41E62BD7C00AFE8C0 /* Release */,
			);
			defaultConfigurationIsVisible = 0;
			defaultConfigurationName = Release;
		};
		602DE6D51E62BD7C00AFE8C0 /* Build configuration list for PBXNativeTarget "taskapp" */ = {
			isa = XCConfigurationList;
			buildConfigurations = (
				602DE6D61E62BD7C00AFE8C0 /* Debug */,
				602DE6D71E62BD7C00AFE8C0 /* Release */,
			);
			defaultConfigurationIsVisible = 0;
			defaultConfigurationName = Release;
		};
/* End XCConfigurationList section */
	};
	rootObject = 602DE6BB1E62BD7C00AFE8C0 /* Project object */;
}
